<Solution>
  <Folder Name="/Solution Items/">
    <File Path=".editorconfig" />
    <File Path=".roslynatorconfig" />
    <File Path="README.md" />
  </Folder>
  <Folder Name="/Tests/">
    <Project Path="Ragnar.IntegrationTests/Ragnar.IntegrationTests.csproj" Id="23e8d6a5-5a3d-47a0-8cd7-e9a03bcbdd59" />
    <Project Path="Ragnar.UnitTests/Ragnar.UnitTests.csproj" />
  </Folder>
  <Project Path="FileQuestionProvider/FileQuestionProvider.csproj" />
  <Project Path="Ragnar.Core/Ragnar.Core.csproj" />
  <Project Path="Ragnar.Embedding/Ragnar.Embedding.csproj" />
  <Project Path="Ragnar.Plugins/Ragnar.Plugins.shproj" Id="f32e6ba7-7bb4-485e-8ef2-a51bc1c35fd7" />
  <Project Path="Ragnar.Questions/Ragnar.Questions.csproj" />
  <Project Path="Ragnar/Ragnar.csproj" />
</Solution>
